<Solution>
  <Configurations>
    <Platform Name="Any CPU" />
  </Configurations>
  <Folder Name="/Addons/">
    <Project Path="D:/Steam/steamapps/common/sbox/addons/base/Code/Base Library.csproj" />
  </Folder>
  <Folder Name="/Libraries/">
    <Project Path="Code/lib-shader_graph_extras.csproj" />
    <Project Path="Editor/lib-shader_graph_extras.editor.csproj" />
  </Folder>
  <Folder Name="/Tools/">
    <Project Path="D:/Steam/steamapps/common/sbox/addons/tools/Code/Base Editor Library.csproj" />
    <Project Path="D:/Steam/steamapps/common/sbox/editor/ActionGraph/Code/actiongraph.csproj" />
    <Project Path="D:/Steam/steamapps/common/sbox/editor/Hammer/Code/hammer.csproj" />
    <Project Path="D:/Steam/steamapps/common/sbox/editor/MovieMaker/Code/moviemaker.csproj" />
    <Project Path="D:/Steam/steamapps/common/sbox/editor/ShaderGraph/Code/shadergraph.csproj" />
  </Folder>
</Solution>